{
    "requires": true,
    "lockfileVersion": 1,
    "dependencies": {
        "@ttskch/select2-bootstrap4-theme": {
            "version": "1.2.3",
            "resolved": "https://registry.npmjs.org/@ttskch/select2-bootstrap4-theme/-/select2-bootstrap4-theme-1.2.3.tgz",
            "integrity": "sha512-cVH3yrBBmkNrkqKPvHbt8dzP7NysAQfzJULxXlzkdf7NicoSUWbpjDjDGqMtUIIldDByrf2uC1HKKFRelWunQQ=="
        }
    }
}
